
Microsoft Visual Studio Solution File, Format Version 12.00
# Visual Studio 15
VisualStudioVersion = 15.0.28307.539
MinimumVisualStudioVersion = 10.0.40219.1
Project("{FAE04EC0-301F-11D3-BF4B-00C04F79EFBC}") = "StringIO_TextView", "StringIO_TextView\StringIO_TextView.csproj", "{BFBA4246-2709-4CFC-BD10-9866A9B93CC9}"
EndProject
Global
	GlobalSection(SolutionConfigurationPlatforms) = preSolution
		Debug|Any CPU = Debug|Any CPU
		Release|Any CPU = Release|Any CPU
	EndGlobalSection
	GlobalSection(ProjectConfigurationPlatforms) = postSolution
		{BFBA4246-2709-4CFC-BD10-9866A9B93CC9}.Debug|Any CPU.ActiveCfg = Debug|Any CPU
		{BFBA4246-2709-4CFC-BD10-9866A9B93CC9}.Debug|Any CPU.Build.0 = Debug|Any CPU
		{BFBA4246-2709-4CFC-BD10-9866A9B93CC9}.Release|Any CPU.ActiveCfg = Release|Any CPU
		{BFBA4246-2709-4CFC-BD10-9866A9B93CC9}.Release|Any CPU.Build.0 = Release|Any CPU
	EndGlobalSection
	GlobalSection(SolutionProperties) = preSolution
		HideSolutionNode = FALSE
	EndGlobalSection
	GlobalSection(ExtensibilityGlobals) = postSolution
		SolutionGuid = {AC102697-56C8-4376-9BEE-2325D79E0EF8}
	EndGlobalSection
EndGlobal
